
Microsoft Visual Studio Solution File, Format Version 12.00
# Visual Studio Version 16
VisualStudioVersion = 16.0.30711.63
MinimumVisualStudioVersion = 10.0.40219.1
Project("{FAE04EC0-301F-11D3-BF4B-00C04F79EFBC}") = "BD", "BD\BD.csproj", "{60287EC5-7E3A-434C-99FE-A5C699E7973F}"
EndProject
Global
	GlobalSection(SolutionConfigurationPlatforms) = preSolution
		Debug|Any CPU = Debug|Any CPU
		Release|Any CPU = Release|Any CPU
	EndGlobalSection
	GlobalSection(ProjectConfigurationPlatforms) = postSolution
		{60287EC5-7E3A-434C-99FE-A5C699E7973F}.Debug|Any CPU.ActiveCfg = Debug|Any CPU
		{60287EC5-7E3A-434C-99FE-A5C699E7973F}.Debug|Any CPU.Build.0 = Debug|Any CPU
		{60287EC5-7E3A-434C-99FE-A5C699E7973F}.Release|Any CPU.ActiveCfg = Release|Any CPU
		{60287EC5-7E3A-434C-99FE-A5C699E7973F}.Release|Any CPU.Build.0 = Release|Any CPU
	EndGlobalSection
	GlobalSection(SolutionProperties) = preSolution
		HideSolutionNode = FALSE
	EndGlobalSection
	GlobalSection(ExtensibilityGlobals) = postSolution
		SolutionGuid = {FDD339D2-7C36-462A-867E-ACC812B9D035}
	EndGlobalSection
EndGlobal
